
Microsoft Visual Studio Solution File, Format Version 12.00
# Visual Studio Version 17
VisualStudioVersion = 17.10.35013.160
MinimumVisualStudioVersion = 10.0.40219.1
Project("{9A19103F-16F7-4668-BE54-9A1E7A4F7556}") = "SupportUtilV4", "SupportUtilV4.csproj", "{369B4BA2-D38B-433F-9194-13DD69DCAE03}"
EndProject
Global
	GlobalSection(SolutionConfigurationPlatforms) = preSolution
		Debug|Any CPU = Debug|Any CPU
		Release|Any CPU = Release|Any CPU
	EndGlobalSection
	GlobalSection(ProjectConfigurationPlatforms) = postSolution
		{369B4BA2-D38B-433F-9194-13DD69DCAE03}.Debug|Any CPU.ActiveCfg = Debug|Any CPU
		{369B4BA2-D38B-433F-9194-13DD69DCAE03}.Debug|Any CPU.Build.0 = Debug|Any CPU
		{369B4BA2-D38B-433F-9194-13DD69DCAE03}.Release|Any CPU.ActiveCfg = Release|Any CPU
		{369B4BA2-D38B-433F-9194-13DD69DCAE03}.Release|Any CPU.Build.0 = Release|Any CPU
	EndGlobalSection
	GlobalSection(SolutionProperties) = preSolution
		HideSolutionNode = FALSE
	EndGlobalSection
	GlobalSection(ExtensibilityGlobals) = postSolution
		SolutionGuid = {1AD74780-6D4E-4FEE-BE31-58BCE86586AB}
	EndGlobalSection
EndGlobal
